// !$*UTF8*$!
{
	archiveVersion = 1;
	classes = {
	};
	objectVersion = 63;
	objects = {

/* Begin PBXBuildFile section */
		01C2CBCB1C7C100EF4E7EE13 /* NotificationScheduler.swift in Sources */ = {isa = PBXBuildFile; fileRef = 19B093008064DA3E21522253 /* NotificationScheduler.swift */; };
		02106A8C760D05756CC2E965 /* StageCardView.swift in Sources */ = {isa = PBXBuildFile; fileRef = 438289F7A35B4CF5A073E423 /* StageCardView.swift */; };
		02309D3F9C7A4D5C23BB2798 /* WidgetData.swift in Sources */ = {isa = PBXBuildFile; fileRef = FFA83AD7B8DF427ED7D066D8 /* WidgetData.swift */; };
		04E79FD830236148CAEB2C91 /* RootView.swift in Sources */ = {isa = PBXBuildFile; fileRef = 887A40B4B58FFD513719E657 /* RootView.swift */; };
		05AB055C3FAA1B46C9805E10 /* WorkspaceChrome.swift in Sources */ = {isa = PBXBuildFile; fileRef = B3239F0AD2A525011A89B9A9 /* WorkspaceChrome.swift */; };
		0CC918A4C416F2B779866F7C /* PipelineImportService.swift in Sources */ = {isa = PBXBuildFile; fileRef = 8A4511B6A4104663D97F71B4 /* PipelineImportService.swift */; };
		104F2F5C65788A6247BD15EC /* WidgetData.swift in Sources */ = {isa = PBXBuildFile; fileRef = FFA83AD7B8DF427ED7D066D8 /* WidgetData.swift */; };
		13203043B8D1EBBA3CF65CEA /* ICSService.swift in Sources */ = {isa = PBXBuildFile; fileRef = 65BB2F401B4B8476FE87163A /* ICSService.swift */; };
		133C77AE0FA79BC0B72F49F3 /* WidgetData.swift in Sources */ = {isa = PBXBuildFile; fileRef = FFA83AD7B8DF427ED7D066D8 /* WidgetData.swift */; };
		162BD765AD48B666A45EED83 /* GoogleAuthInterceptor.swift in Sources */ = {isa = PBXBuildFile; fileRef = 2228EA0550BB089A54DB0B77 /* GoogleAuthInterceptor.swift */; };
		1BA5DD8E6ECE5EBDD800A9E0 /* GoogleCalendarService.swift in Sources */ = {isa = PBXBuildFile; fileRef = E01CCAEC84A7B6B8382510D8 /* GoogleCalendarService.swift */; };
		1D81E0B1E00F9E25157EF26A /* ProtectedLinkButton.swift in Sources */ = {isa = PBXBuildFile; fileRef = 977815719EB7CFA795B63BC6 /* ProtectedLinkButton.swift */; };
		245620D9C6C13DA4FE47A30A /* StageStore.swift in Sources */ = {isa = PBXBuildFile; fileRef = FA18B39F41FF245D0332DE35 /* StageStore.swift */; };
		269693A4D6AF42008E188170 /* Assets.xcassets in Resources */ = {isa = PBXBuildFile; fileRef = 5134E24BA5C8DB950354423C /* Assets.xcassets */; };
		286AA049199F3DEEBA941F53 /* ScreenViewModels.swift in Sources */ = {isa = PBXBuildFile; fileRef = CFA1B6F082906CC551643E4E /* ScreenViewModels.swift */; };
		2CA0101D45FB10A6F4351D6F /* ErrorAlert.swift in Sources */ = {isa = PBXBuildFile; fileRef = C48F1FD710390D3751B8B09A /* ErrorAlert.swift */; };
		2D530B2B3380CD4AE50AA427 /* ConnectionsTextDocument.swift in Sources */ = {isa = PBXBuildFile; fileRef = 4C09A021CC2E4C72DD9B91B0 /* ConnectionsTextDocument.swift */; };
		3388D8C4ACFC350EEC5325FE /* StageStore.swift in Sources */ = {isa = PBXBuildFile; fileRef = FA18B39F41FF245D0332DE35 /* StageStore.swift */; };
		34260D1F17D3CAAC8433720C /* Assets.xcassets in Resources */ = {isa = PBXBuildFile; fileRef = 5134E24BA5C8DB950354423C /* Assets.xcassets */; };
		35BF24994F26DCA45A0815E3 /* UpdateBanner.swift in Sources */ = {isa = PBXBuildFile; fileRef = 222AE0D6EAF85A90FADF4C62 /* UpdateBanner.swift */; };
		378C1E1EF76B89B9BBDA8529 /* AppSupportDirectory.swift in Sources */ = {isa = PBXBuildFile; fileRef = 6F773E96ADEDF547E0979D82 /* AppSupportDirectory.swift */; };
		39E2691E134717F129741551 /* ErrorAlert.swift in Sources */ = {isa = PBXBuildFile; fileRef = C48F1FD710390D3751B8B09A /* ErrorAlert.swift */; };
		3CC7152EA09CBA742D2D2393 /* StageRepository.swift in Sources */ = {isa = PBXBuildFile; fileRef = 87A96C9BBA43BFEB64C6820E /* StageRepository.swift */; };
		3E01E11126BD9AFFF5076448 /* SettingsView.swift in Sources */ = {isa = PBXBuildFile; fileRef = A9DC7A9E4266D0A75C99A37C /* SettingsView.swift */; };
		427100181898107B29815ACA /* ConfigStore.swift in Sources */ = {isa = PBXBuildFile; fileRef = B66D0E6AEBC864380411BA87 /* ConfigStore.swift */; };
		46F108C704127AD4761F9633 /* ScreenViewModels.swift in Sources */ = {isa = PBXBuildFile; fileRef = CFA1B6F082906CC551643E4E /* ScreenViewModels.swift */; };
		4A0F02E4B8782DEF917DC718 /* NewsService.swift in Sources */ = {isa = PBXBuildFile; fileRef = 0350A0782258D93B3BC1595A /* NewsService.swift */; };
		4E3677FD1DF79D810206FA60 /* GoogleCalendarService.swift in Sources */ = {isa = PBXBuildFile; fileRef = E01CCAEC84A7B6B8382510D8 /* GoogleCalendarService.swift */; };
		4F10015116E73D61BE4173A0 /* GoogleAuthStore.swift in Sources */ = {isa = PBXBuildFile; fileRef = 11C34DD89BE1E529EF6A1D41 /* GoogleAuthStore.swift */; };
		51FD556D1737984A0223C232 /* RootView.swift in Sources */ = {isa = PBXBuildFile; fileRef = 887A40B4B58FFD513719E657 /* RootView.swift */; };
		52039BF0F3AD9141BE641DF2 /* APIClient.swift in Sources */ = {isa = PBXBuildFile; fileRef = 9E312C420094572F6E78C361 /* APIClient.swift */; };
		52D0D43B2B399F6DD31FEF25 /* WidgetSnapshotSync.swift in Sources */ = {isa = PBXBuildFile; fileRef = D8AE52B6281B10176A78F05C /* WidgetSnapshotSync.swift */; };
		5583B96988B6CD89B6F02D48 /* NotificationScheduler.swift in Sources */ = {isa = PBXBuildFile; fileRef = 19B093008064DA3E21522253 /* NotificationScheduler.swift */; };
		55F42BBA338022292A1A9967 /* GRDB in Frameworks */ = {isa = PBXBuildFile; productRef = FAA1A80AB7156D464F82A270 /* GRDB */; };
		5A0879BE3D70B83EDB8F964C /* FocusLocalServer.swift in Sources */ = {isa = PBXBuildFile; fileRef = D7928C5CE2CCD36C5C51A03B /* FocusLocalServer.swift */; };
		5C4231737DDCEDFA2E9BC4BE /* MarketNewsStore.swift in Sources */ = {isa = PBXBuildFile; fileRef = 2CD48C14722622AD5D0A397B /* MarketNewsStore.swift */; };
		5ECEFAADE02EC6C11A0ED5B1 /* GoogleAuthInterceptor.swift in Sources */ = {isa = PBXBuildFile; fileRef = 2228EA0550BB089A54DB0B77 /* GoogleAuthInterceptor.swift */; };
		6057B882BE5C78C6F45D40DF /* StagesView.swift in Sources */ = {isa = PBXBuildFile; fileRef = 56D9219B20DF3DAC5E112FD1 /* StagesView.swift */; };
		60C681ABE3B9A88C9CCC9526 /* DiagnosticsStore.swift in Sources */ = {isa = PBXBuildFile; fileRef = 79EA1D57C85801CD38176ADB /* DiagnosticsStore.swift */; };
		6D7BAE34808EAFA245D51823 /* GRDB in Frameworks */ = {isa = PBXBuildFile; productRef = C72FA7C8272AB3E1D86869CB /* GRDB */; };
		6EC706BE733471A68FA5B2E2 /* NotionDashboardWidgets-iOS.appex in Embed Foundation Extensions */ = {isa = PBXBuildFile; fileRef = 857FEB590B261BA7DDDF795B /* NotionDashboardWidgets-iOS.appex */; settings = {ATTRIBUTES = (RemoveHeadersOnCopy, ); }; };
		6FAB6F11F3D1F674DCBE555D /* AppDatabase.swift in Sources */ = {isa = PBXBuildFile; fileRef = 5A4445B02DA3D9AF4C8B17E0 /* AppDatabase.swift */; };
		729556888B89C316E04F096C /* MarketService.swift in Sources */ = {isa = PBXBuildFile; fileRef = DA85C8040AA4B8330A86F01F /* MarketService.swift */; };
		72E913D0622D48CB7167974E /* SettingsView.swift in Sources */ = {isa = PBXBuildFile; fileRef = A9DC7A9E4266D0A75C99A37C /* SettingsView.swift */; };
		731E62BFA7766272D19D2085 /* AppContainer.swift in Sources */ = {isa = PBXBuildFile; fileRef = 97B57DEE06707D14A660DA8B /* AppContainer.swift */; };
		753EBB880F2C358C1F4744EC /* AppRoute.swift in Sources */ = {isa = PBXBuildFile; fileRef = 2EF6CC9DA562F644657AC08F /* AppRoute.swift */; };
		757090712A5BD7E8B1EB02A4 /* GoogleAuthStore.swift in Sources */ = {isa = PBXBuildFile; fileRef = 11C34DD89BE1E529EF6A1D41 /* GoogleAuthStore.swift */; };
		764FA6FA95C34516628E387D /* AppRoute.swift in Sources */ = {isa = PBXBuildFile; fileRef = 2EF6CC9DA562F644657AC08F /* AppRoute.swift */; };
		76B2B4CF8BCA3D68FC9EC7AF /* FocusStore.swift in Sources */ = {isa = PBXBuildFile; fileRef = BF22913667630F6A1D5066C2 /* FocusStore.swift */; };
		7986F2E48CB0E514B0AB5AD2 /* NotionClient.swift in Sources */ = {isa = PBXBuildFile; fileRef = 6DB301B5FAA11F6C07AA07B7 /* NotionClient.swift */; };
		7AD4B404FB12F8F0ED218C11 /* UpdateBanner.swift in Sources */ = {isa = PBXBuildFile; fileRef = 222AE0D6EAF85A90FADF4C62 /* UpdateBanner.swift */; };
		7B0560FBA1373CEB2C099DCA /* StagesView.swift in Sources */ = {isa = PBXBuildFile; fileRef = 56D9219B20DF3DAC5E112FD1 /* StagesView.swift */; };
		7EAAC93161F47EAB54DA6F99 /* TodoRepository.swift in Sources */ = {isa = PBXBuildFile; fileRef = EF586935AB0858EAD63A5A86 /* TodoRepository.swift */; };
		7F3EB794921EC5E4421956FB /* Date+Helpers.swift in Sources */ = {isa = PBXBuildFile; fileRef = 74F93D3AC3E858B199D591C6 /* Date+Helpers.swift */; };
		8859EB5E4771285FA9C7E718 /* TodoRepository.swift in Sources */ = {isa = PBXBuildFile; fileRef = EF586935AB0858EAD63A5A86 /* TodoRepository.swift */; };
		8A3AAAB0CA7E67AF170E713D /* FocusMenuBarPanel.swift in Sources */ = {isa = PBXBuildFile; fileRef = 2F4CFC462F7D9612221B596D /* FocusMenuBarPanel.swift */; };
		8A55281439CD0E4586097E6B /* CalendarRepository.swift in Sources */ = {isa = PBXBuildFile; fileRef = F0CE75F05FCC4AF6A4276877 /* CalendarRepository.swift */; };
		8BF0C2B753ED0B89CF1B4919 /* StageStoreCache.swift in Sources */ = {isa = PBXBuildFile; fileRef = 6C8F6DC2DAD9BEA8AD886B45 /* StageStoreCache.swift */; };
		8C8E245E41CF66ACC9F2A315 /* EnvironmentSecrets.swift in Sources */ = {isa = PBXBuildFile; fileRef = 9F051695C82DCDA4DAF83AD9 /* EnvironmentSecrets.swift */; };
		8D1D7A316F42A8EA709895BC /* EnvironmentSecrets.swift in Sources */ = {isa = PBXBuildFile; fileRef = 9F051695C82DCDA4DAF83AD9 /* EnvironmentSecrets.swift */; };
		8F868E07DFDD3CA0961F6861 /* WidgetData.swift in Sources */ = {isa = PBXBuildFile; fileRef = FFA83AD7B8DF427ED7D066D8 /* WidgetData.swift */; };
		96C518ECF002062ACBCB96D5 /* DashboardView.swift in Sources */ = {isa = PBXBuildFile; fileRef = F38EB7F726AAF40B97960266 /* DashboardView.swift */; };
		993269764CEB5464CB005921 /* UpdateStore.swift in Sources */ = {isa = PBXBuildFile; fileRef = E0CE65E51C36F68CFF550A46 /* UpdateStore.swift */; };
		9DC9B41CC7F026F90829BFDE /* AppSupportDirectory.swift in Sources */ = {isa = PBXBuildFile; fileRef = 6F773E96ADEDF547E0979D82 /* AppSupportDirectory.swift */; };
		A3052DDEB30AF65C28B08970 /* WorkspaceChrome.swift in Sources */ = {isa = PBXBuildFile; fileRef = B3239F0AD2A525011A89B9A9 /* WorkspaceChrome.swift */; };
		A6249659AD7A01954411AD49 /* AppDatabase.swift in Sources */ = {isa = PBXBuildFile; fileRef = 5A4445B02DA3D9AF4C8B17E0 /* AppDatabase.swift */; };
		A65911F92FF79CBCD9653C4C /* Sparkle in Frameworks */ = {isa = PBXBuildFile; productRef = B96624D65A2FBDA03E1189D0 /* Sparkle */; };
		A7334C639F426115243FB2E8 /* SecureKeychainTests.swift in Sources */ = {isa = PBXBuildFile; fileRef = F0F5BEE0074F1D9B3CCA787D /* SecureKeychainTests.swift */; };
		A9246007F042EF1E8C5FAF0C /* DashboardView.swift in Sources */ = {isa = PBXBuildFile; fileRef = F38EB7F726AAF40B97960266 /* DashboardView.swift */; };
		AA3366D3F90B1BADA5761CE8 /* CalendarRepository.swift in Sources */ = {isa = PBXBuildFile; fileRef = F0CE75F05FCC4AF6A4276877 /* CalendarRepository.swift */; };
		AE4C4880225A1644275C81D9 /* StageStoreCache.swift in Sources */ = {isa = PBXBuildFile; fileRef = 6C8F6DC2DAD9BEA8AD886B45 /* StageStoreCache.swift */; };
		AF0FCA111E76718712F65B9E /* NotionDashboardWidgets.swift in Sources */ = {isa = PBXBuildFile; fileRef = C9EF647CF29B57F05D03E1EB /* NotionDashboardWidgets.swift */; };
		B2D8CACF1C9E76E6082654A0 /* FocusLocalServer.swift in Sources */ = {isa = PBXBuildFile; fileRef = D7928C5CE2CCD36C5C51A03B /* FocusLocalServer.swift */; };
		B3126E1AE032322BA1B278BC /* Models.swift in Sources */ = {isa = PBXBuildFile; fileRef = F279728D650243FAF285C3B8 /* Models.swift */; };
		B3F6735010E845A13AA926D5 /* NotionDashboardApp.swift in Sources */ = {isa = PBXBuildFile; fileRef = FBF9B068D8AACDE70F104894 /* NotionDashboardApp.swift */; };
		B4EC5F58CFBDC24631E5FCDF /* CalendarView.swift in Sources */ = {isa = PBXBuildFile; fileRef = 4F139472C3746AA2440A2F26 /* CalendarView.swift */; };
		B844358458BB40833D4D93CA /* ConnectionsTextDocument.swift in Sources */ = {isa = PBXBuildFile; fileRef = 4C09A021CC2E4C72DD9B91B0 /* ConnectionsTextDocument.swift */; };
		C0953D8D29FFF0781C6DDABC /* ProtectedLinkButton.swift in Sources */ = {isa = PBXBuildFile; fileRef = 977815719EB7CFA795B63BC6 /* ProtectedLinkButton.swift */; };
		C212F466466BBB6AF63FDF9C /* StageRepository.swift in Sources */ = {isa = PBXBuildFile; fileRef = 87A96C9BBA43BFEB64C6820E /* StageRepository.swift */; };
		C904F1E8F0692E9639A1FB06 /* View+Platform.swift in Sources */ = {isa = PBXBuildFile; fileRef = FEAEB7D327B73238DB8681A2 /* View+Platform.swift */; };
		CCFB2C2DE1D31BDE86345389 /* MarketNewsStore.swift in Sources */ = {isa = PBXBuildFile; fileRef = 2CD48C14722622AD5D0A397B /* MarketNewsStore.swift */; };
		CE823F3DD188BB2FD6F85680 /* ICSService.swift in Sources */ = {isa = PBXBuildFile; fileRef = 65BB2F401B4B8476FE87163A /* ICSService.swift */; };
		CF4C0C776F14EFE76DBE36C4 /* PipelineImportService.swift in Sources */ = {isa = PBXBuildFile; fileRef = 8A4511B6A4104663D97F71B4 /* PipelineImportService.swift */; };
		D043D8D16610BF217D8C9932 /* ConfigStore.swift in Sources */ = {isa = PBXBuildFile; fileRef = B66D0E6AEBC864380411BA87 /* ConfigStore.swift */; };
		D16CB868781D68AF8EB00B92 /* DiagnosticsStore.swift in Sources */ = {isa = PBXBuildFile; fileRef = 79EA1D57C85801CD38176ADB /* DiagnosticsStore.swift */; };
		D3D48FAB6128F66EB9441755 /* MarketService.swift in Sources */ = {isa = PBXBuildFile; fileRef = DA85C8040AA4B8330A86F01F /* MarketService.swift */; };
		D7F0E9EB7EA5E068E0CAF1AD /* APIClientTests.swift in Sources */ = {isa = PBXBuildFile; fileRef = AE232CBDF2A832DE4A87FE5B /* APIClientTests.swift */; };
		DA4F8EF9A1CDD309792E895F /* View+Platform.swift in Sources */ = {isa = PBXBuildFile; fileRef = FEAEB7D327B73238DB8681A2 /* View+Platform.swift */; };
		E0910E67A209BC87F1E64331 /* CalendarStore.swift in Sources */ = {isa = PBXBuildFile; fileRef = 3AAD8EF815DF2E5A01538D50 /* CalendarStore.swift */; };
		E21000616F6265B3FCD88115 /* CalendarStore.swift in Sources */ = {isa = PBXBuildFile; fileRef = 3AAD8EF815DF2E5A01538D50 /* CalendarStore.swift */; };
		E3BE745F206331CDE067DC95 /* AppContainer.swift in Sources */ = {isa = PBXBuildFile; fileRef = 97B57DEE06707D14A660DA8B /* AppContainer.swift */; };
		E89F35CDC30EC9B3F5F02973 /* NewsService.swift in Sources */ = {isa = PBXBuildFile; fileRef = 0350A0782258D93B3BC1595A /* NewsService.swift */; };
		EBCE5E49088104F5AFF653F8 /* Date+Helpers.swift in Sources */ = {isa = PBXBuildFile; fileRef = 74F93D3AC3E858B199D591C6 /* Date+Helpers.swift */; };
		EBE66C63AFE5C9331243CB11 /* FocusMenuBarPanel.swift in Sources */ = {isa = PBXBuildFile; fileRef = 2F4CFC462F7D9612221B596D /* FocusMenuBarPanel.swift */; };
		ED3A0C7249641437247532A3 /* FocusStore.swift in Sources */ = {isa = PBXBuildFile; fileRef = BF22913667630F6A1D5066C2 /* FocusStore.swift */; };
		EE6B62C35E04DC6071A0DF8A /* CalendarView.swift in Sources */ = {isa = PBXBuildFile; fileRef = 4F139472C3746AA2440A2F26 /* CalendarView.swift */; };
		F264B44333644CF4B53E1BA2 /* NotionDashboardApp.swift in Sources */ = {isa = PBXBuildFile; fileRef = FBF9B068D8AACDE70F104894 /* NotionDashboardApp.swift */; };
		F363947593351C4F5E110FAE /* GRDB in Frameworks */ = {isa = PBXBuildFile; productRef = 90755EA9AF97FA4BAF5E8AF8 /* GRDB */; };
		F4D768135CD20E5318055513 /* APIClient.swift in Sources */ = {isa = PBXBuildFile; fileRef = 9E312C420094572F6E78C361 /* APIClient.swift */; };
		F6C83BFCEFAEAEC6E3F2BACA /* StageCardView.swift in Sources */ = {isa = PBXBuildFile; fileRef = 438289F7A35B4CF5A073E423 /* StageCardView.swift */; };
		F6E86DBCAF74C6C5DC96605E /* Models.swift in Sources */ = {isa = PBXBuildFile; fileRef = F279728D650243FAF285C3B8 /* Models.swift */; };
		F716A0109D6A1495F9154A30 /* WidgetSnapshotSync.swift in Sources */ = {isa = PBXBuildFile; fileRef = D8AE52B6281B10176A78F05C /* WidgetSnapshotSync.swift */; };
		F96377C535EAA82B7A03845E /* NotionDashboardWidgets-macOS.appex in Embed Foundation Extensions */ = {isa = PBXBuildFile; fileRef = 079F497B3863F7A0E16BB81B /* NotionDashboardWidgets-macOS.appex */; settings = {ATTRIBUTES = (RemoveHeadersOnCopy, ); }; };
		FCD3BEF0F37284757E241FCB /* UpdateStore.swift in Sources */ = {isa = PBXBuildFile; fileRef = E0CE65E51C36F68CFF550A46 /* UpdateStore.swift */; };
		FD0E96984E9462EB42A48BEC /* NotionDashboardWidgets.swift in Sources */ = {isa = PBXBuildFile; fileRef = C9EF647CF29B57F05D03E1EB /* NotionDashboardWidgets.swift */; };
		FE557A586149178E1405E9E3 /* NotionClient.swift in Sources */ = {isa = PBXBuildFile; fileRef = 6DB301B5FAA11F6C07AA07B7 /* NotionClient.swift */; };
/* End PBXBuildFile section */

/* Begin PBXContainerItemProxy section */
		124D92C508F330ECB6C9BB98 /* PBXContainerItemProxy */ = {
			isa = PBXContainerItemProxy;
			containerPortal = A01B0E33731B7D7F738476EB /* Project object */;
			proxyType = 1;
			remoteGlobalIDString = AAE6E50F449B859FD0B7E7CE;
			remoteInfo = "NotionDashboardWidgets-iOS";
		};
		63E3C08E448796137A238316 /* PBXContainerItemProxy */ = {
			isa = PBXContainerItemProxy;
			containerPortal = A01B0E33731B7D7F738476EB /* Project object */;
			proxyType = 1;
			remoteGlobalIDString = ED53501E83B232D58C0AF94C;
			remoteInfo = "NotionDashboard-macOS";
		};
		C37262638D00F590F12BF8DE /* PBXContainerItemProxy */ = {
			isa = PBXContainerItemProxy;
			containerPortal = A01B0E33731B7D7F738476EB /* Project object */;
			proxyType = 1;
			remoteGlobalIDString = D329F64F9EF628DC5E96263B;
			remoteInfo = "NotionDashboardWidgets-macOS";
		};
/* End PBXContainerItemProxy section */

/* Begin PBXCopyFilesBuildPhase section */
		45AE90D711B8381BC7817D28 /* Embed Foundation Extensions */ = {
			isa = PBXCopyFilesBuildPhase;
			buildActionMask = 2147483647;
			dstPath = "";
			dstSubfolderSpec = 13;
			files = (
				6EC706BE733471A68FA5B2E2 /* NotionDashboardWidgets-iOS.appex in Embed Foundation Extensions */,
			);
			name = "Embed Foundation Extensions";
			runOnlyForDeploymentPostprocessing = 0;
		};
		CAE3027D053F9033E8C20888 /* Embed Foundation Extensions */ = {
			isa = PBXCopyFilesBuildPhase;
			buildActionMask = 2147483647;
			dstPath = "";
			dstSubfolderSpec = 13;
			files = (
				F96377C535EAA82B7A03845E /* NotionDashboardWidgets-macOS.appex in Embed Foundation Extensions */,
			);
			name = "Embed Foundation Extensions";
			runOnlyForDeploymentPostprocessing = 0;
		};
/* End PBXCopyFilesBuildPhase section */

/* Begin PBXFileReference section */
		0350A0782258D93B3BC1595A /* NewsService.swift */ = {isa = PBXFileReference; lastKnownFileType = sourcecode.swift; path = NewsService.swift; sourceTree = "<group>"; };
		079F497B3863F7A0E16BB81B /* NotionDashboardWidgets-macOS.appex */ = {isa = PBXFileReference; explicitFileType = "wrapper.app-extension"; includeInIndex = 0; path = "NotionDashboardWidgets-macOS.appex"; sourceTree = BUILT_PRODUCTS_DIR; };
		11C34DD89BE1E529EF6A1D41 /* GoogleAuthStore.swift */ = {isa = PBXFileReference; lastKnownFileType = sourcecode.swift; path = GoogleAuthStore.swift; sourceTree = "<group>"; };
		19B093008064DA3E21522253 /* NotificationScheduler.swift */ = {isa = PBXFileReference; lastKnownFileType = sourcecode.swift; path = NotificationScheduler.swift; sourceTree = "<group>"; };
		2228EA0550BB089A54DB0B77 /* GoogleAuthInterceptor.swift */ = {isa = PBXFileReference; lastKnownFileType = sourcecode.swift; path = GoogleAuthInterceptor.swift; sourceTree = "<group>"; };
		222AE0D6EAF85A90FADF4C62 /* UpdateBanner.swift */ = {isa = PBXFileReference; lastKnownFileType = sourcecode.swift; path = UpdateBanner.swift; sourceTree = "<group>"; };
		2CD48C14722622AD5D0A397B /* MarketNewsStore.swift */ = {isa = PBXFileReference; lastKnownFileType = sourcecode.swift; path = MarketNewsStore.swift; sourceTree = "<group>"; };
		2EF6CC9DA562F644657AC08F /* AppRoute.swift */ = {isa = PBXFileReference; lastKnownFileType = sourcecode.swift; path = AppRoute.swift; sourceTree = "<group>"; };
		2F4CFC462F7D9612221B596D /* FocusMenuBarPanel.swift */ = {isa = PBXFileReference; lastKnownFileType = sourcecode.swift; path = FocusMenuBarPanel.swift; sourceTree = "<group>"; };
		3AAD8EF815DF2E5A01538D50 /* CalendarStore.swift */ = {isa = PBXFileReference; lastKnownFileType = sourcecode.swift; path = CalendarStore.swift; sourceTree = "<group>"; };
		438289F7A35B4CF5A073E423 /* StageCardView.swift */ = {isa = PBXFileReference; lastKnownFileType = sourcecode.swift; path = StageCardView.swift; sourceTree = "<group>"; };
		4C09A021CC2E4C72DD9B91B0 /* ConnectionsTextDocument.swift */ = {isa = PBXFileReference; lastKnownFileType = sourcecode.swift; path = ConnectionsTextDocument.swift; sourceTree = "<group>"; };
		4F139472C3746AA2440A2F26 /* CalendarView.swift */ = {isa = PBXFileReference; lastKnownFileType = sourcecode.swift; path = CalendarView.swift; sourceTree = "<group>"; };
		5134E24BA5C8DB950354423C /* Assets.xcassets */ = {isa = PBXFileReference; lastKnownFileType = folder.assetcatalog; path = Assets.xcassets; sourceTree = "<group>"; };
		56D9219B20DF3DAC5E112FD1 /* StagesView.swift */ = {isa = PBXFileReference; lastKnownFileType = sourcecode.swift; path = StagesView.swift; sourceTree = "<group>"; };
		5A4445B02DA3D9AF4C8B17E0 /* AppDatabase.swift */ = {isa = PBXFileReference; lastKnownFileType = sourcecode.swift; path = AppDatabase.swift; sourceTree = "<group>"; };
		65BB2F401B4B8476FE87163A /* ICSService.swift */ = {isa = PBXFileReference; lastKnownFileType = sourcecode.swift; path = ICSService.swift; sourceTree = "<group>"; };
		6C8F6DC2DAD9BEA8AD886B45 /* StageStoreCache.swift */ = {isa = PBXFileReference; lastKnownFileType = sourcecode.swift; path = StageStoreCache.swift; sourceTree = "<group>"; };
		6DB301B5FAA11F6C07AA07B7 /* NotionClient.swift */ = {isa = PBXFileReference; lastKnownFileType = sourcecode.swift; path = NotionClient.swift; sourceTree = "<group>"; };
		6F773E96ADEDF547E0979D82 /* AppSupportDirectory.swift */ = {isa = PBXFileReference; lastKnownFileType = sourcecode.swift; path = AppSupportDirectory.swift; sourceTree = "<group>"; };
		74F93D3AC3E858B199D591C6 /* Date+Helpers.swift */ = {isa = PBXFileReference; lastKnownFileType = sourcecode.swift; path = "Date+Helpers.swift"; sourceTree = "<group>"; };
		79EA1D57C85801CD38176ADB /* DiagnosticsStore.swift */ = {isa = PBXFileReference; lastKnownFileType = sourcecode.swift; path = DiagnosticsStore.swift; sourceTree = "<group>"; };
		857FEB590B261BA7DDDF795B /* NotionDashboardWidgets-iOS.appex */ = {isa = PBXFileReference; includeInIndex = 0; lastKnownFileType = "wrapper.app-extension"; path = "NotionDashboardWidgets-iOS.appex"; sourceTree = BUILT_PRODUCTS_DIR; };
		87A96C9BBA43BFEB64C6820E /* StageRepository.swift */ = {isa = PBXFileReference; lastKnownFileType = sourcecode.swift; path = StageRepository.swift; sourceTree = "<group>"; };
		887A40B4B58FFD513719E657 /* RootView.swift */ = {isa = PBXFileReference; lastKnownFileType = sourcecode.swift; path = RootView.swift; sourceTree = "<group>"; };
		8A4511B6A4104663D97F71B4 /* PipelineImportService.swift */ = {isa = PBXFileReference; lastKnownFileType = sourcecode.swift; path = PipelineImportService.swift; sourceTree = "<group>"; };
		977815719EB7CFA795B63BC6 /* ProtectedLinkButton.swift */ = {isa = PBXFileReference; lastKnownFileType = sourcecode.swift; path = ProtectedLinkButton.swift; sourceTree = "<group>"; };
		97B57DEE06707D14A660DA8B /* AppContainer.swift */ = {isa = PBXFileReference; lastKnownFileType = sourcecode.swift; path = AppContainer.swift; sourceTree = "<group>"; };
		9E312C420094572F6E78C361 /* APIClient.swift */ = {isa = PBXFileReference; lastKnownFileType = sourcecode.swift; path = APIClient.swift; sourceTree = "<group>"; };
		9F051695C82DCDA4DAF83AD9 /* EnvironmentSecrets.swift */ = {isa = PBXFileReference; lastKnownFileType = sourcecode.swift; path = EnvironmentSecrets.swift; sourceTree = "<group>"; };
		A802A0B5FDE842FF9FDD5877 /* NotionDashboard-macOS.app */ = {isa = PBXFileReference; explicitFileType = wrapper.application; includeInIndex = 0; path = "NotionDashboard-macOS.app"; sourceTree = BUILT_PRODUCTS_DIR; };
		A9DC7A9E4266D0A75C99A37C /* SettingsView.swift */ = {isa = PBXFileReference; lastKnownFileType = sourcecode.swift; path = SettingsView.swift; sourceTree = "<group>"; };
		AE232CBDF2A832DE4A87FE5B /* APIClientTests.swift */ = {isa = PBXFileReference; lastKnownFileType = sourcecode.swift; path = APIClientTests.swift; sourceTree = "<group>"; };
		B3239F0AD2A525011A89B9A9 /* WorkspaceChrome.swift */ = {isa = PBXFileReference; lastKnownFileType = sourcecode.swift; path = WorkspaceChrome.swift; sourceTree = "<group>"; };
		B66D0E6AEBC864380411BA87 /* ConfigStore.swift */ = {isa = PBXFileReference; lastKnownFileType = sourcecode.swift; path = ConfigStore.swift; sourceTree = "<group>"; };
		B8B83C9900F77A9852D864BA /* NotionDashboardTests.xctest */ = {isa = PBXFileReference; explicitFileType = wrapper.cfbundle; includeInIndex = 0; path = NotionDashboardTests.xctest; sourceTree = BUILT_PRODUCTS_DIR; };
		BF22913667630F6A1D5066C2 /* FocusStore.swift */ = {isa = PBXFileReference; lastKnownFileType = sourcecode.swift; path = FocusStore.swift; sourceTree = "<group>"; };
		C48F1FD710390D3751B8B09A /* ErrorAlert.swift */ = {isa = PBXFileReference; lastKnownFileType = sourcecode.swift; path = ErrorAlert.swift; sourceTree = "<group>"; };
		C9EF647CF29B57F05D03E1EB /* NotionDashboardWidgets.swift */ = {isa = PBXFileReference; lastKnownFileType = sourcecode.swift; path = NotionDashboardWidgets.swift; sourceTree = "<group>"; };
		CFA1B6F082906CC551643E4E /* ScreenViewModels.swift */ = {isa = PBXFileReference; lastKnownFileType = sourcecode.swift; path = ScreenViewModels.swift; sourceTree = "<group>"; };
		D7928C5CE2CCD36C5C51A03B /* FocusLocalServer.swift */ = {isa = PBXFileReference; lastKnownFileType = sourcecode.swift; path = FocusLocalServer.swift; sourceTree = "<group>"; };
		D8AE52B6281B10176A78F05C /* WidgetSnapshotSync.swift */ = {isa = PBXFileReference; lastKnownFileType = sourcecode.swift; path = WidgetSnapshotSync.swift; sourceTree = "<group>"; };
		DA85C8040AA4B8330A86F01F /* MarketService.swift */ = {isa = PBXFileReference; lastKnownFileType = sourcecode.swift; path = MarketService.swift; sourceTree = "<group>"; };
		E01CCAEC84A7B6B8382510D8 /* GoogleCalendarService.swift */ = {isa = PBXFileReference; lastKnownFileType = sourcecode.swift; path = GoogleCalendarService.swift; sourceTree = "<group>"; };
		E0CE65E51C36F68CFF550A46 /* UpdateStore.swift */ = {isa = PBXFileReference; lastKnownFileType = sourcecode.swift; path = UpdateStore.swift; sourceTree = "<group>"; };
		EF586935AB0858EAD63A5A86 /* TodoRepository.swift */ = {isa = PBXFileReference; lastKnownFileType = sourcecode.swift; path = TodoRepository.swift; sourceTree = "<group>"; };
		F0CE75F05FCC4AF6A4276877 /* CalendarRepository.swift */ = {isa = PBXFileReference; lastKnownFileType = sourcecode.swift; path = CalendarRepository.swift; sourceTree = "<group>"; };
		F0F5BEE0074F1D9B3CCA787D /* SecureKeychainTests.swift */ = {isa = PBXFileReference; lastKnownFileType = sourcecode.swift; path = SecureKeychainTests.swift; sourceTree = "<group>"; };
		F279728D650243FAF285C3B8 /* Models.swift */ = {isa = PBXFileReference; lastKnownFileType = sourcecode.swift; path = Models.swift; sourceTree = "<group>"; };
		F38EB7F726AAF40B97960266 /* DashboardView.swift */ = {isa = PBXFileReference; lastKnownFileType = sourcecode.swift; path = DashboardView.swift; sourceTree = "<group>"; };
		F6FD1AF4A9C129B9258D07B7 /* NotionDashboard-iOS.app */ = {isa = PBXFileReference; includeInIndex = 0; lastKnownFileType = wrapper.application; path = "NotionDashboard-iOS.app"; sourceTree = BUILT_PRODUCTS_DIR; };
		FA18B39F41FF245D0332DE35 /* StageStore.swift */ = {isa = PBXFileReference; lastKnownFileType = sourcecode.swift; path = StageStore.swift; sourceTree = "<group>"; };
		FBF9B068D8AACDE70F104894 /* NotionDashboardApp.swift */ = {isa = PBXFileReference; lastKnownFileType = sourcecode.swift; path = NotionDashboardApp.swift; sourceTree = "<group>"; };
		FEAEB7D327B73238DB8681A2 /* View+Platform.swift */ = {isa = PBXFileReference; lastKnownFileType = sourcecode.swift; path = "View+Platform.swift"; sourceTree = "<group>"; };
		FFA83AD7B8DF427ED7D066D8 /* WidgetData.swift */ = {isa = PBXFileReference; lastKnownFileType = sourcecode.swift; path = WidgetData.swift; sourceTree = "<group>"; };
/* End PBXFileReference section */

/* Begin PBXFrameworksBuildPhase section */
		6A89835BAE8EA9D1E5381A2F /* Frameworks */ = {
			isa = PBXFrameworksBuildPhase;
			buildActionMask = 2147483647;
			files = (
				F363947593351C4F5E110FAE /* GRDB in Frameworks */,
				A65911F92FF79CBCD9653C4C /* Sparkle in Frameworks */,
			);
			runOnlyForDeploymentPostprocessing = 0;
		};
		A17FE87D1DB24167A0469EFE /* Frameworks */ = {
			isa = PBXFrameworksBuildPhase;
			buildActionMask = 2147483647;
			files = (
				55F42BBA338022292A1A9967 /* GRDB in Frameworks */,
			);
			runOnlyForDeploymentPostprocessing = 0;
		};
		C76F2CBEEF9456A3B4DFE557 /* Frameworks */ = {
			isa = PBXFrameworksBuildPhase;
			buildActionMask = 2147483647;
			files = (
				6D7BAE34808EAFA245D51823 /* GRDB in Frameworks */,
			);
			runOnlyForDeploymentPostprocessing = 0;
		};
/* End PBXFrameworksBuildPhase section */

/* Begin PBXGroup section */
		08BA1CEDD210C68CDC329F68 = {
			isa = PBXGroup;
			children = (
				89B19B00CF7D86D6D20E06B0 /* Sources */,
				9521C2EA133EA6EE67B92614 /* Tests */,
				347C10C2CF14F0241E35E4A5 /* Widgets */,
				98C27D0711C40CC8475675D4 /* Products */,
			);
			sourceTree = "<group>";
		};
		347C10C2CF14F0241E35E4A5 /* Widgets */ = {
			isa = PBXGroup;
			children = (
				C9EF647CF29B57F05D03E1EB /* NotionDashboardWidgets.swift */,
			);
			name = Widgets;
			path = Sources/Widgets;
			sourceTree = "<group>";
		};
		36D885BA193D8ECDF5E66F3E /* Shared */ = {
			isa = PBXGroup;
			children = (
				4C09A021CC2E4C72DD9B91B0 /* ConnectionsTextDocument.swift */,
				C48F1FD710390D3751B8B09A /* ErrorAlert.swift */,
				977815719EB7CFA795B63BC6 /* ProtectedLinkButton.swift */,
				438289F7A35B4CF5A073E423 /* StageCardView.swift */,
				222AE0D6EAF85A90FADF4C62 /* UpdateBanner.swift */,
				FEAEB7D327B73238DB8681A2 /* View+Platform.swift */,
				B3239F0AD2A525011A89B9A9 /* WorkspaceChrome.swift */,
			);
			path = Shared;
			sourceTree = "<group>";
		};
		87756641C2B9800C3E3D5C2F /* Core */ = {
			isa = PBXGroup;
			children = (
				74F93D3AC3E858B199D591C6 /* Date+Helpers.swift */,
				F279728D650243FAF285C3B8 /* Models.swift */,
			);
			path = Core;
			sourceTree = "<group>";
		};
		89B19B00CF7D86D6D20E06B0 /* Sources */ = {
			isa = PBXGroup;
			children = (
				5134E24BA5C8DB950354423C /* Assets.xcassets */,
				D1C08B570D6E4D4D277A6E2E /* App */,
				87756641C2B9800C3E3D5C2F /* Core */,
				F640184912A6B18D5CDBD76A /* Services */,
				E0E2045257CE6EC299471D36 /* Views */,
			);
			path = Sources;
			sourceTree = "<group>";
		};
		9521C2EA133EA6EE67B92614 /* Tests */ = {
			isa = PBXGroup;
			children = (
				AE232CBDF2A832DE4A87FE5B /* APIClientTests.swift */,
				F0F5BEE0074F1D9B3CCA787D /* SecureKeychainTests.swift */,
			);
			path = Tests;
			sourceTree = "<group>";
		};
		98C27D0711C40CC8475675D4 /* Products */ = {
			isa = PBXGroup;
			children = (
				F6FD1AF4A9C129B9258D07B7 /* NotionDashboard-iOS.app */,
				A802A0B5FDE842FF9FDD5877 /* NotionDashboard-macOS.app */,
				B8B83C9900F77A9852D864BA /* NotionDashboardTests.xctest */,
				857FEB590B261BA7DDDF795B /* NotionDashboardWidgets-iOS.appex */,
				079F497B3863F7A0E16BB81B /* NotionDashboardWidgets-macOS.appex */,
			);
			name = Products;
			sourceTree = "<group>";
		};
		D1C08B570D6E4D4D277A6E2E /* App */ = {
			isa = PBXGroup;
			children = (
				97B57DEE06707D14A660DA8B /* AppContainer.swift */,
				2EF6CC9DA562F644657AC08F /* AppRoute.swift */,
				2F4CFC462F7D9612221B596D /* FocusMenuBarPanel.swift */,
				FBF9B068D8AACDE70F104894 /* NotionDashboardApp.swift */,
				887A40B4B58FFD513719E657 /* RootView.swift */,
			);
			path = App;
			sourceTree = "<group>";
		};
		E0E2045257CE6EC299471D36 /* Views */ = {
			isa = PBXGroup;
			children = (
				4F139472C3746AA2440A2F26 /* CalendarView.swift */,
				F38EB7F726AAF40B97960266 /* DashboardView.swift */,
				A9DC7A9E4266D0A75C99A37C /* SettingsView.swift */,
				56D9219B20DF3DAC5E112FD1 /* StagesView.swift */,
				36D885BA193D8ECDF5E66F3E /* Shared */,
			);
			path = Views;
			sourceTree = "<group>";
		};
		F640184912A6B18D5CDBD76A /* Services */ = {
			isa = PBXGroup;
			children = (
				9E312C420094572F6E78C361 /* APIClient.swift */,
				5A4445B02DA3D9AF4C8B17E0 /* AppDatabase.swift */,
				6F773E96ADEDF547E0979D82 /* AppSupportDirectory.swift */,
				F0CE75F05FCC4AF6A4276877 /* CalendarRepository.swift */,
				3AAD8EF815DF2E5A01538D50 /* CalendarStore.swift */,
				B66D0E6AEBC864380411BA87 /* ConfigStore.swift */,
				79EA1D57C85801CD38176ADB /* DiagnosticsStore.swift */,
				9F051695C82DCDA4DAF83AD9 /* EnvironmentSecrets.swift */,
				D7928C5CE2CCD36C5C51A03B /* FocusLocalServer.swift */,
				BF22913667630F6A1D5066C2 /* FocusStore.swift */,
				2228EA0550BB089A54DB0B77 /* GoogleAuthInterceptor.swift */,
				11C34DD89BE1E529EF6A1D41 /* GoogleAuthStore.swift */,
				E01CCAEC84A7B6B8382510D8 /* GoogleCalendarService.swift */,
				65BB2F401B4B8476FE87163A /* ICSService.swift */,
				2CD48C14722622AD5D0A397B /* MarketNewsStore.swift */,
				DA85C8040AA4B8330A86F01F /* MarketService.swift */,
				0350A0782258D93B3BC1595A /* NewsService.swift */,
				19B093008064DA3E21522253 /* NotificationScheduler.swift */,
				6DB301B5FAA11F6C07AA07B7 /* NotionClient.swift */,
				8A4511B6A4104663D97F71B4 /* PipelineImportService.swift */,
				CFA1B6F082906CC551643E4E /* ScreenViewModels.swift */,
				87A96C9BBA43BFEB64C6820E /* StageRepository.swift */,
				FA18B39F41FF245D0332DE35 /* StageStore.swift */,
				6C8F6DC2DAD9BEA8AD886B45 /* StageStoreCache.swift */,
				EF586935AB0858EAD63A5A86 /* TodoRepository.swift */,
				E0CE65E51C36F68CFF550A46 /* UpdateStore.swift */,
				FFA83AD7B8DF427ED7D066D8 /* WidgetData.swift */,
				D8AE52B6281B10176A78F05C /* WidgetSnapshotSync.swift */,
			);
			path = Services;
			sourceTree = "<group>";
		};
/* End PBXGroup section */

/* Begin PBXNativeTarget section */
		3BDE5CFEBE6CF95139C6D6FF /* NotionDashboardTests */ = {
			isa = PBXNativeTarget;
			buildConfigurationList = 5DBF3E90553E285848C516C3 /* Build configuration list for PBXNativeTarget "NotionDashboardTests" */;
			buildPhases = (
				8C0DF36466E96C4425858E00 /* Sources */,
				A17FE87D1DB24167A0469EFE /* Frameworks */,
			);
			buildRules = (
			);
			dependencies = (
				B38FADA655DC371EDD6FA180 /* PBXTargetDependency */,
			);
			name = NotionDashboardTests;
			packageProductDependencies = (
				FAA1A80AB7156D464F82A270 /* GRDB */,
			);
			productName = NotionDashboardTests;
			productReference = B8B83C9900F77A9852D864BA /* NotionDashboardTests.xctest */;
			productType = "com.apple.product-type.bundle.unit-test";
		};
		43C5154EFE11FEE1463E6E05 /* NotionDashboard-iOS */ = {
			isa = PBXNativeTarget;
			buildConfigurationList = 4AFC19B2F05D87CF21AEBDB9 /* Build configuration list for PBXNativeTarget "NotionDashboard-iOS" */;
			buildPhases = (
				3F58D6DB8BD088A09BD16AB2 /* Sources */,
				CA9B3666B3818A5AD0D9DF89 /* Resources */,
				C76F2CBEEF9456A3B4DFE557 /* Frameworks */,
				45AE90D711B8381BC7817D28 /* Embed Foundation Extensions */,
			);
			buildRules = (
			);
			dependencies = (
				6A75E20DE434D1D97592710F /* PBXTargetDependency */,
			);
			name = "NotionDashboard-iOS";
			packageProductDependencies = (
				C72FA7C8272AB3E1D86869CB /* GRDB */,
			);
			productName = "NotionDashboard-iOS";
			productReference = F6FD1AF4A9C129B9258D07B7 /* NotionDashboard-iOS.app */;
			productType = "com.apple.product-type.application";
		};
		AAE6E50F449B859FD0B7E7CE /* NotionDashboardWidgets-iOS */ = {
			isa = PBXNativeTarget;
			buildConfigurationList = CCC126A154BFCF00809E796C /* Build configuration list for PBXNativeTarget "NotionDashboardWidgets-iOS" */;
			buildPhases = (
				57920A62DCA83B5BBAB5A29D /* Sources */,
			);
			buildRules = (
			);
			dependencies = (
			);
			name = "NotionDashboardWidgets-iOS";
			packageProductDependencies = (
			);
			productName = "NotionDashboardWidgets-iOS";
			productReference = 857FEB590B261BA7DDDF795B /* NotionDashboardWidgets-iOS.appex */;
			productType = "com.apple.product-type.app-extension";
		};
		D329F64F9EF628DC5E96263B /* NotionDashboardWidgets-macOS */ = {
			isa = PBXNativeTarget;
			buildConfigurationList = 4D5E1D15519C0617E5A1D262 /* Build configuration list for PBXNativeTarget "NotionDashboardWidgets-macOS" */;
			buildPhases = (
				19D3C2761EFF6585C8C66AD7 /* Sources */,
			);
			buildRules = (
			);
			dependencies = (
			);
			name = "NotionDashboardWidgets-macOS";
			packageProductDependencies = (
			);
			productName = "NotionDashboardWidgets-macOS";
			productReference = 079F497B3863F7A0E16BB81B /* NotionDashboardWidgets-macOS.appex */;
			productType = "com.apple.product-type.app-extension";
		};
		ED53501E83B232D58C0AF94C /* NotionDashboard-macOS */ = {
			isa = PBXNativeTarget;
			buildConfigurationList = 6051A1559386284C46FBF1C4 /* Build configuration list for PBXNativeTarget "NotionDashboard-macOS" */;
			buildPhases = (
				BA3CDE9AE50DB234FC7E055E /* Sources */,
				156AA79D31FA97EAAE568995 /* Resources */,
				6A89835BAE8EA9D1E5381A2F /* Frameworks */,
				CAE3027D053F9033E8C20888 /* Embed Foundation Extensions */,
			);
			buildRules = (
			);
			dependencies = (
				7AAFC70F089AFBD4D5F3B5B5 /* PBXTargetDependency */,
			);
			name = "NotionDashboard-macOS";
			packageProductDependencies = (
				90755EA9AF97FA4BAF5E8AF8 /* GRDB */,
				B96624D65A2FBDA03E1189D0 /* Sparkle */,
			);
			productName = "NotionDashboard-macOS";
			productReference = A802A0B5FDE842FF9FDD5877 /* NotionDashboard-macOS.app */;
			productType = "com.apple.product-type.application";
		};
/* End PBXNativeTarget section */

/* Begin PBXProject section */
		A01B0E33731B7D7F738476EB /* Project object */ = {
			isa = PBXProject;
			attributes = {
				BuildIndependentTargetsInParallel = YES;
				LastUpgradeCheck = 1540;
				TargetAttributes = {
					3BDE5CFEBE6CF95139C6D6FF = {
						DevelopmentTeam = 23NR88847P;
						ProvisioningStyle = Automatic;
					};
					D329F64F9EF628DC5E96263B = {
						DevelopmentTeam = 23NR88847P;
						ProvisioningStyle = Automatic;
					};
					ED53501E83B232D58C0AF94C = {
						DevelopmentTeam = 23NR88847P;
						ProvisioningStyle = Automatic;
					};
				};
			};
			buildConfigurationList = C8FA8A4F88F0D6B2D9EB53CB /* Build configuration list for PBXProject "NotionDashboardSwift" */;
			compatibilityVersion = "Xcode 15.3";
			developmentRegion = en;
			hasScannedForEncodings = 0;
			knownRegions = (
				Base,
				en,
			);
			mainGroup = 08BA1CEDD210C68CDC329F68;
			minimizedProjectReferenceProxies = 1;
			packageReferences = (
				EECE695116B23DBF1B31FE58 /* XCRemoteSwiftPackageReference "GRDB.swift" */,
				18FA0CFC52952D2A8065B91F /* XCRemoteSwiftPackageReference "Sparkle" */,
			);
			productRefGroup = 98C27D0711C40CC8475675D4 /* Products */;
			projectDirPath = "";
			projectRoot = "";
			targets = (
				43C5154EFE11FEE1463E6E05 /* NotionDashboard-iOS */,
				ED53501E83B232D58C0AF94C /* NotionDashboard-macOS */,
				3BDE5CFEBE6CF95139C6D6FF /* NotionDashboardTests */,
				AAE6E50F449B859FD0B7E7CE /* NotionDashboardWidgets-iOS */,
				D329F64F9EF628DC5E96263B /* NotionDashboardWidgets-macOS */,
			);
		};
/* End PBXProject section */

/* Begin PBXResourcesBuildPhase section */
		156AA79D31FA97EAAE568995 /* Resources */ = {
			isa = PBXResourcesBuildPhase;
			buildActionMask = 2147483647;
			files = (
				34260D1F17D3CAAC8433720C /* Assets.xcassets in Resources */,
			);
			runOnlyForDeploymentPostprocessing = 0;
		};
		CA9B3666B3818A5AD0D9DF89 /* Resources */ = {
			isa = PBXResourcesBuildPhase;
			buildActionMask = 2147483647;
			files = (
				269693A4D6AF42008E188170 /* Assets.xcassets in Resources */,
			);
			runOnlyForDeploymentPostprocessing = 0;
		};
/* End PBXResourcesBuildPhase section */

/* Begin PBXSourcesBuildPhase section */
		19D3C2761EFF6585C8C66AD7 /* Sources */ = {
			isa = PBXSourcesBuildPhase;
			buildActionMask = 2147483647;
			files = (
				FD0E96984E9462EB42A48BEC /* NotionDashboardWidgets.swift in Sources */,
				8F868E07DFDD3CA0961F6861 /* WidgetData.swift in Sources */,
			);
			runOnlyForDeploymentPostprocessing = 0;
		};
		3F58D6DB8BD088A09BD16AB2 /* Sources */ = {
			isa = PBXSourcesBuildPhase;
			buildActionMask = 2147483647;
			files = (
				F4D768135CD20E5318055513 /* APIClient.swift in Sources */,
				731E62BFA7766272D19D2085 /* AppContainer.swift in Sources */,
				6FAB6F11F3D1F674DCBE555D /* AppDatabase.swift in Sources */,
				753EBB880F2C358C1F4744EC /* AppRoute.swift in Sources */,
				9DC9B41CC7F026F90829BFDE /* AppSupportDirectory.swift in Sources */,
				AA3366D3F90B1BADA5761CE8 /* CalendarRepository.swift in Sources */,
				E21000616F6265B3FCD88115 /* CalendarStore.swift in Sources */,
				B4EC5F58CFBDC24631E5FCDF /* CalendarView.swift in Sources */,
				427100181898107B29815ACA /* ConfigStore.swift in Sources */,
				2D530B2B3380CD4AE50AA427 /* ConnectionsTextDocument.swift in Sources */,
				96C518ECF002062ACBCB96D5 /* DashboardView.swift in Sources */,
				EBCE5E49088104F5AFF653F8 /* Date+Helpers.swift in Sources */,
				60C681ABE3B9A88C9CCC9526 /* DiagnosticsStore.swift in Sources */,
				8D1D7A316F42A8EA709895BC /* EnvironmentSecrets.swift in Sources */,
				39E2691E134717F129741551 /* ErrorAlert.swift in Sources */,
				5A0879BE3D70B83EDB8F964C /* FocusLocalServer.swift in Sources */,
				8A3AAAB0CA7E67AF170E713D /* FocusMenuBarPanel.swift in Sources */,
				ED3A0C7249641437247532A3 /* FocusStore.swift in Sources */,
				162BD765AD48B666A45EED83 /* GoogleAuthInterceptor.swift in Sources */,
				757090712A5BD7E8B1EB02A4 /* GoogleAuthStore.swift in Sources */,
				4E3677FD1DF79D810206FA60 /* GoogleCalendarService.swift in Sources */,
				13203043B8D1EBBA3CF65CEA /* ICSService.swift in Sources */,
				CCFB2C2DE1D31BDE86345389 /* MarketNewsStore.swift in Sources */,
				D3D48FAB6128F66EB9441755 /* MarketService.swift in Sources */,
				F6E86DBCAF74C6C5DC96605E /* Models.swift in Sources */,
				E89F35CDC30EC9B3F5F02973 /* NewsService.swift in Sources */,
				01C2CBCB1C7C100EF4E7EE13 /* NotificationScheduler.swift in Sources */,
				7986F2E48CB0E514B0AB5AD2 /* NotionClient.swift in Sources */,
				B3F6735010E845A13AA926D5 /* NotionDashboardApp.swift in Sources */,
				CF4C0C776F14EFE76DBE36C4 /* PipelineImportService.swift in Sources */,
				C0953D8D29FFF0781C6DDABC /* ProtectedLinkButton.swift in Sources */,
				04E79FD830236148CAEB2C91 /* RootView.swift in Sources */,
				46F108C704127AD4761F9633 /* ScreenViewModels.swift in Sources */,
				3E01E11126BD9AFFF5076448 /* SettingsView.swift in Sources */,
				F6C83BFCEFAEAEC6E3F2BACA /* StageCardView.swift in Sources */,
				3CC7152EA09CBA742D2D2393 /* StageRepository.swift in Sources */,
				3388D8C4ACFC350EEC5325FE /* StageStore.swift in Sources */,
				8BF0C2B753ED0B89CF1B4919 /* StageStoreCache.swift in Sources */,
				7B0560FBA1373CEB2C099DCA /* StagesView.swift in Sources */,
				8859EB5E4771285FA9C7E718 /* TodoRepository.swift in Sources */,
				35BF24994F26DCA45A0815E3 /* UpdateBanner.swift in Sources */,
				993269764CEB5464CB005921 /* UpdateStore.swift in Sources */,
				DA4F8EF9A1CDD309792E895F /* View+Platform.swift in Sources */,
				104F2F5C65788A6247BD15EC /* WidgetData.swift in Sources */,
				F716A0109D6A1495F9154A30 /* WidgetSnapshotSync.swift in Sources */,
				A3052DDEB30AF65C28B08970 /* WorkspaceChrome.swift in Sources */,
			);
			runOnlyForDeploymentPostprocessing = 0;
		};
		57920A62DCA83B5BBAB5A29D /* Sources */ = {
			isa = PBXSourcesBuildPhase;
			buildActionMask = 2147483647;
			files = (
				AF0FCA111E76718712F65B9E /* NotionDashboardWidgets.swift in Sources */,
				02309D3F9C7A4D5C23BB2798 /* WidgetData.swift in Sources */,
			);
			runOnlyForDeploymentPostprocessing = 0;
		};
		8C0DF36466E96C4425858E00 /* Sources */ = {
			isa = PBXSourcesBuildPhase;
			buildActionMask = 2147483647;
			files = (
				D7F0E9EB7EA5E068E0CAF1AD /* APIClientTests.swift in Sources */,
				A7334C639F426115243FB2E8 /* SecureKeychainTests.swift in Sources */,
			);
			runOnlyForDeploymentPostprocessing = 0;
		};
		BA3CDE9AE50DB234FC7E055E /* Sources */ = {
			isa = PBXSourcesBuildPhase;
			buildActionMask = 2147483647;
			files = (
				52039BF0F3AD9141BE641DF2 /* APIClient.swift in Sources */,
				E3BE745F206331CDE067DC95 /* AppContainer.swift in Sources */,
				A6249659AD7A01954411AD49 /* AppDatabase.swift in Sources */,
				764FA6FA95C34516628E387D /* AppRoute.swift in Sources */,
				378C1E1EF76B89B9BBDA8529 /* AppSupportDirectory.swift in Sources */,
				8A55281439CD0E4586097E6B /* CalendarRepository.swift in Sources */,
				E0910E67A209BC87F1E64331 /* CalendarStore.swift in Sources */,
				EE6B62C35E04DC6071A0DF8A /* CalendarView.swift in Sources */,
				D043D8D16610BF217D8C9932 /* ConfigStore.swift in Sources */,
				B844358458BB40833D4D93CA /* ConnectionsTextDocument.swift in Sources */,
				A9246007F042EF1E8C5FAF0C /* DashboardView.swift in Sources */,
				7F3EB794921EC5E4421956FB /* Date+Helpers.swift in Sources */,
				D16CB868781D68AF8EB00B92 /* DiagnosticsStore.swift in Sources */,
				8C8E245E41CF66ACC9F2A315 /* EnvironmentSecrets.swift in Sources */,
				2CA0101D45FB10A6F4351D6F /* ErrorAlert.swift in Sources */,
				B2D8CACF1C9E76E6082654A0 /* FocusLocalServer.swift in Sources */,
				EBE66C63AFE5C9331243CB11 /* FocusMenuBarPanel.swift in Sources */,
				76B2B4CF8BCA3D68FC9EC7AF /* FocusStore.swift in Sources */,
				5ECEFAADE02EC6C11A0ED5B1 /* GoogleAuthInterceptor.swift in Sources */,
				4F10015116E73D61BE4173A0 /* GoogleAuthStore.swift in Sources */,
				1BA5DD8E6ECE5EBDD800A9E0 /* GoogleCalendarService.swift in Sources */,
				CE823F3DD188BB2FD6F85680 /* ICSService.swift in Sources */,
				5C4231737DDCEDFA2E9BC4BE /* MarketNewsStore.swift in Sources */,
				729556888B89C316E04F096C /* MarketService.swift in Sources */,
				B3126E1AE032322BA1B278BC /* Models.swift in Sources */,
				4A0F02E4B8782DEF917DC718 /* NewsService.swift in Sources */,
				5583B96988B6CD89B6F02D48 /* NotificationScheduler.swift in Sources */,
				FE557A586149178E1405E9E3 /* NotionClient.swift in Sources */,
				F264B44333644CF4B53E1BA2 /* NotionDashboardApp.swift in Sources */,
				0CC918A4C416F2B779866F7C /* PipelineImportService.swift in Sources */,
				1D81E0B1E00F9E25157EF26A /* ProtectedLinkButton.swift in Sources */,
				51FD556D1737984A0223C232 /* RootView.swift in Sources */,
				286AA049199F3DEEBA941F53 /* ScreenViewModels.swift in Sources */,
				72E913D0622D48CB7167974E /* SettingsView.swift in Sources */,
				02106A8C760D05756CC2E965 /* StageCardView.swift in Sources */,
				C212F466466BBB6AF63FDF9C /* StageRepository.swift in Sources */,
				245620D9C6C13DA4FE47A30A /* StageStore.swift in Sources */,
				AE4C4880225A1644275C81D9 /* StageStoreCache.swift in Sources */,
				6057B882BE5C78C6F45D40DF /* StagesView.swift in Sources */,
				7EAAC93161F47EAB54DA6F99 /* TodoRepository.swift in Sources */,
				7AD4B404FB12F8F0ED218C11 /* UpdateBanner.swift in Sources */,
				FCD3BEF0F37284757E241FCB /* UpdateStore.swift in Sources */,
				C904F1E8F0692E9639A1FB06 /* View+Platform.swift in Sources */,
				133C77AE0FA79BC0B72F49F3 /* WidgetData.swift in Sources */,
				52D0D43B2B399F6DD31FEF25 /* WidgetSnapshotSync.swift in Sources */,
				05AB055C3FAA1B46C9805E10 /* WorkspaceChrome.swift in Sources */,
			);
			runOnlyForDeploymentPostprocessing = 0;
		};
/* End PBXSourcesBuildPhase section */

/* Begin PBXTargetDependency section */
		6A75E20DE434D1D97592710F /* PBXTargetDependency */ = {
			isa = PBXTargetDependency;
			target = AAE6E50F449B859FD0B7E7CE /* NotionDashboardWidgets-iOS */;
			targetProxy = 124D92C508F330ECB6C9BB98 /* PBXContainerItemProxy */;
		};
		7AAFC70F089AFBD4D5F3B5B5 /* PBXTargetDependency */ = {
			isa = PBXTargetDependency;
			target = D329F64F9EF628DC5E96263B /* NotionDashboardWidgets-macOS */;
			targetProxy = C37262638D00F590F12BF8DE /* PBXContainerItemProxy */;
		};
		B38FADA655DC371EDD6FA180 /* PBXTargetDependency */ = {
			isa = PBXTargetDependency;
			target = ED53501E83B232D58C0AF94C /* NotionDashboard-macOS */;
			targetProxy = 63E3C08E448796137A238316 /* PBXContainerItemProxy */;
		};
/* End PBXTargetDependency section */

/* Begin XCBuildConfiguration section */
		0EE9BC9A498FA04E30326ABE /* Release */ = {
			isa = XCBuildConfiguration;
			buildSettings = {
				ASSETCATALOG_COMPILER_APPICON_NAME = AppIcon;
				CODE_SIGN_ENTITLEMENTS = "Config/iOS-Info.entitlements";
				CODE_SIGN_IDENTITY = "iPhone Developer";
				INFOPLIST_FILE = "Config/iOS-Info.plist";
				INFOPLIST_KEY_UIApplicationSupportsIndirectInputEvents = YES;
				IPHONEOS_DEPLOYMENT_TARGET = 16.0;
				LD_RUNPATH_SEARCH_PATHS = (
					"$(inherited)",
					"@executable_path/Frameworks",
				);
				PRODUCT_BUNDLE_IDENTIFIER = com.loldashboard.notiondashboard.ios;
				PRODUCT_NAME = Dashboard;
				SDKROOT = iphoneos;
				TARGETED_DEVICE_FAMILY = "1,2";
			};
			name = Release;
		};
		1145D43A3FF4BA47B6E4F93B /* Debug */ = {
			isa = XCBuildConfiguration;
			buildSettings = {
				BUNDLE_LOADER = "$(TEST_HOST)";
				CODE_SIGN_STYLE = Automatic;
				COMBINE_HIDPI_IMAGES = YES;
				DEVELOPMENT_TEAM = 23NR88847P;
				LD_RUNPATH_SEARCH_PATHS = (
					"$(inherited)",
					"@executable_path/../Frameworks",
					"@loader_path/../Frameworks",
				);
				MACOSX_DEPLOYMENT_TARGET = 13.0;
				PRODUCT_BUNDLE_IDENTIFIER = com.loldashboard.notiondashboard.tests;
				PRODUCT_NAME = NotionDashboardTests;
				SDKROOT = macosx;
				SWIFT_VERSION = 5.1;
				TEST_HOST = "$(BUILT_PRODUCTS_DIR)/Dashboard.app/Contents/MacOS/Dashboard";
			};
			name = Debug;
		};
		6000D7008472E391DF5C0E58 /* Release */ = {
			isa = XCBuildConfiguration;
			buildSettings = {
				CODE_SIGN_ENTITLEMENTS = "Config/NotionDashboardWidgets-macOS.entitlements";
				"CODE_SIGN_IDENTITY[sdk=macosx*]" = "Apple Development";
				CODE_SIGN_STYLE = Automatic;
				COMBINE_HIDPI_IMAGES = YES;
				DEVELOPMENT_TEAM = 23NR88847P;
				INFOPLIST_FILE = "Config/NotionDashboardWidgets-macOS-Info.plist";
				LD_RUNPATH_SEARCH_PATHS = (
					"$(inherited)",
					"@executable_path/../Frameworks",
					"@executable_path/../../../../Frameworks",
				);
				MACOSX_DEPLOYMENT_TARGET = 13.0;
				PRODUCT_BUNDLE_IDENTIFIER = com.loldashboard.notiondashboard.macos.widgets;
				PRODUCT_NAME = NotionDashboardWidgets;
				SDKROOT = macosx;
			};
			name = Release;
		};
		6DA671ADED974E55BF1CAF31 /* Debug */ = {
			isa = XCBuildConfiguration;
			buildSettings = {
				ALWAYS_SEARCH_USER_PATHS = NO;
				CLANG_ANALYZER_NONNULL = YES;
				CLANG_ANALYZER_NUMBER_OBJECT_CONVERSION = YES_AGGRESSIVE;
				CLANG_CXX_LANGUAGE_STANDARD = "gnu++14";
				CLANG_CXX_LIBRARY = "libc++";
				CLANG_ENABLE_MODULES = YES;
				CLANG_ENABLE_OBJC_ARC = YES;
				CLANG_ENABLE_OBJC_WEAK = YES;
				CLANG_WARN_BLOCK_CAPTURE_AUTORELEASING = YES;
				CLANG_WARN_BOOL_CONVERSION = YES;
				CLANG_WARN_COMMA = YES;
				CLANG_WARN_CONSTANT_CONVERSION = YES;
				CLANG_WARN_DEPRECATED_OBJC_IMPLEMENTATIONS = YES;
				CLANG_WARN_DIRECT_OBJC_ISA_USAGE = YES_ERROR;
				CLANG_WARN_DOCUMENTATION_COMMENTS = YES;
				CLANG_WARN_EMPTY_BODY = YES;
				CLANG_WARN_ENUM_CONVERSION = YES;
				CLANG_WARN_INFINITE_RECURSION = YES;
				CLANG_WARN_INT_CONVERSION = YES;
				CLANG_WARN_NON_LITERAL_NULL_CONVERSION = YES;
				CLANG_WARN_OBJC_IMPLICIT_RETAIN_SELF = YES;
				CLANG_WARN_OBJC_LITERAL_CONVERSION = YES;
				CLANG_WARN_OBJC_ROOT_CLASS = YES_ERROR;
				CLANG_WARN_QUOTED_INCLUDE_IN_FRAMEWORK_HEADER = YES;
				CLANG_WARN_RANGE_LOOP_ANALYSIS = YES;
				CLANG_WARN_STRICT_PROTOTYPES = YES;
				CLANG_WARN_SUSPICIOUS_MOVE = YES;
				CLANG_WARN_UNGUARDED_AVAILABILITY = YES_AGGRESSIVE;
				CLANG_WARN_UNREACHABLE_CODE = YES;
				CLANG_WARN__DUPLICATE_METHOD_MATCH = YES;
				COPY_PHASE_STRIP = NO;
				CURRENT_PROJECT_VERSION = 1;
				DEBUG_INFORMATION_FORMAT = dwarf;
				ENABLE_STRICT_OBJC_MSGSEND = YES;
				ENABLE_TESTABILITY = YES;
				GCC_C_LANGUAGE_STANDARD = gnu11;
				GCC_DYNAMIC_NO_PIC = NO;
				GCC_NO_COMMON_BLOCKS = YES;
				GCC_OPTIMIZATION_LEVEL = 0;
				GCC_PREPROCESSOR_DEFINITIONS = (
					"$(inherited)",
					"DEBUG=1",
				);
				GCC_WARN_64_TO_32_BIT_CONVERSION = YES;
				GCC_WARN_ABOUT_RETURN_TYPE = YES_ERROR;
				GCC_WARN_UNDECLARED_SELECTOR = YES;
				GCC_WARN_UNINITIALIZED_AUTOS = YES_AGGRESSIVE;
				GCC_WARN_UNUSED_FUNCTION = YES;
				GCC_WARN_UNUSED_VARIABLE = YES;
				MARKETING_VERSION = 1.0.0;
				MTL_ENABLE_DEBUG_INFO = INCLUDE_SOURCE;
				MTL_FAST_MATH = YES;
				ONLY_ACTIVE_ARCH = YES;
				PRODUCT_NAME = "$(TARGET_NAME)";
				SPARKLE_FEED_URL = "https://ludovicstvys.github.io/NotionDashboardSwift/appcast.xml";
				SPARKLE_PUBLIC_ED_KEY = "";
				SWIFT_ACTIVE_COMPILATION_CONDITIONS = DEBUG;
				SWIFT_OPTIMIZATION_LEVEL = "-Onone";
				SWIFT_VERSION = 5.1;
				UPDATE_CHANNEL = dev;
			};
			name = Debug;
		};
		81623716A6821CE71C4ADD0A /* Debug */ = {
			isa = XCBuildConfiguration;
			buildSettings = {
				ASSETCATALOG_COMPILER_APPICON_NAME = AppIcon;
				CODE_SIGN_ENTITLEMENTS = "Config/macOS-Info.entitlements";
				"CODE_SIGN_IDENTITY[sdk=macosx*]" = "Apple Development";
				CODE_SIGN_STYLE = Automatic;
				COMBINE_HIDPI_IMAGES = YES;
				DEVELOPMENT_TEAM = 23NR88847P;
				INFOPLIST_FILE = "Config/macOS-Info.plist";
				LD_RUNPATH_SEARCH_PATHS = (
					"$(inherited)",
					"@executable_path/../Frameworks",
				);
				MACOSX_DEPLOYMENT_TARGET = 13.0;
				OTHER_LDFLAGS = "$(inherited) -weak_framework AppIntents";
				PRODUCT_BUNDLE_IDENTIFIER = com.loldashboard.notiondashboard.macos;
				PRODUCT_NAME = Dashboard;
				SDKROOT = macosx;
			};
			name = Debug;
		};
		BE0F613E26290DD1291667F3 /* Debug */ = {
			isa = XCBuildConfiguration;
			buildSettings = {
				CODE_SIGN_ENTITLEMENTS = "Config/NotionDashboardWidgets-macOS.entitlements";
				"CODE_SIGN_IDENTITY[sdk=macosx*]" = "Apple Development";
				CODE_SIGN_STYLE = Automatic;
				COMBINE_HIDPI_IMAGES = YES;
				DEVELOPMENT_TEAM = 23NR88847P;
				INFOPLIST_FILE = "Config/NotionDashboardWidgets-macOS-Info.plist";
				LD_RUNPATH_SEARCH_PATHS = (
					"$(inherited)",
					"@executable_path/../Frameworks",
					"@executable_path/../../../../Frameworks",
				);
				MACOSX_DEPLOYMENT_TARGET = 13.0;
				PRODUCT_BUNDLE_IDENTIFIER = com.loldashboard.notiondashboard.macos.widgets;
				PRODUCT_NAME = NotionDashboardWidgets;
				SDKROOT = macosx;
			};
			name = Debug;
		};
		C476CE6D1AA4E4D08272F6FC /* Release */ = {
			isa = XCBuildConfiguration;
			buildSettings = {
				BUNDLE_LOADER = "$(TEST_HOST)";
				CODE_SIGN_STYLE = Automatic;
				COMBINE_HIDPI_IMAGES = YES;
				DEVELOPMENT_TEAM = 23NR88847P;
				LD_RUNPATH_SEARCH_PATHS = (
					"$(inherited)",
					"@executable_path/../Frameworks",
					"@loader_path/../Frameworks",
				);
				MACOSX_DEPLOYMENT_TARGET = 13.0;
				PRODUCT_BUNDLE_IDENTIFIER = com.loldashboard.notiondashboard.tests;
				PRODUCT_NAME = NotionDashboardTests;
				SDKROOT = macosx;
				SWIFT_VERSION = 5.1;
				TEST_HOST = "$(BUILT_PRODUCTS_DIR)/Dashboard.app/Contents/MacOS/Dashboard";
			};
			name = Release;
		};
		E5FE7D624FF7DA14886E0400 /* Debug */ = {
			isa = XCBuildConfiguration;
			buildSettings = {
				ASSETCATALOG_COMPILER_APPICON_NAME = AppIcon;
				CODE_SIGN_ENTITLEMENTS = "Config/iOS-Info.entitlements";
				CODE_SIGN_IDENTITY = "iPhone Developer";
				INFOPLIST_FILE = "Config/iOS-Info.plist";
				INFOPLIST_KEY_UIApplicationSupportsIndirectInputEvents = YES;
				IPHONEOS_DEPLOYMENT_TARGET = 16.0;
				LD_RUNPATH_SEARCH_PATHS = (
					"$(inherited)",
					"@executable_path/Frameworks",
				);
				PRODUCT_BUNDLE_IDENTIFIER = com.loldashboard.notiondashboard.ios;
				PRODUCT_NAME = Dashboard;
				SDKROOT = iphoneos;
				TARGETED_DEVICE_FAMILY = "1,2";
			};
			name = Debug;
		};
		EAEE3FE6E4A05308E0A4E618 /* Release */ = {
			isa = XCBuildConfiguration;
			buildSettings = {
				CODE_SIGN_ENTITLEMENTS = Config/NotionDashboardWidgets.entitlements;
				INFOPLIST_FILE = "Config/NotionDashboardWidgets-Info.plist";
				INFOPLIST_KEY_UIApplicationSupportsIndirectInputEvents = YES;
				IPHONEOS_DEPLOYMENT_TARGET = 16.0;
				LD_RUNPATH_SEARCH_PATHS = (
					"$(inherited)",
					"@executable_path/Frameworks",
					"@executable_path/../../Frameworks",
				);
				PRODUCT_BUNDLE_IDENTIFIER = com.loldashboard.notiondashboard.ios.widgets;
				PRODUCT_NAME = NotionDashboardWidgets;
				SDKROOT = iphoneos;
				TARGETED_DEVICE_FAMILY = "1,2";
			};
			name = Release;
		};
		F2FE828E906325232C00E4EA /* Release */ = {
			isa = XCBuildConfiguration;
			buildSettings = {
				ASSETCATALOG_COMPILER_APPICON_NAME = AppIcon;
				CODE_SIGN_ENTITLEMENTS = "Config/macOS-Info.entitlements";
				"CODE_SIGN_IDENTITY[sdk=macosx*]" = "Apple Development";
				CODE_SIGN_STYLE = Automatic;
				COMBINE_HIDPI_IMAGES = YES;
				DEVELOPMENT_TEAM = 23NR88847P;
				INFOPLIST_FILE = "Config/macOS-Info.plist";
				LD_RUNPATH_SEARCH_PATHS = (
					"$(inherited)",
					"@executable_path/../Frameworks",
				);
				MACOSX_DEPLOYMENT_TARGET = 13.0;
				OTHER_LDFLAGS = "$(inherited) -weak_framework AppIntents";
				PRODUCT_BUNDLE_IDENTIFIER = com.loldashboard.notiondashboard.macos;
				PRODUCT_NAME = Dashboard;
				SDKROOT = macosx;
			};
			name = Release;
		};
		F6E63063284E58DA18651426 /* Release */ = {
			isa = XCBuildConfiguration;
			buildSettings = {
				ALWAYS_SEARCH_USER_PATHS = NO;
				CLANG_ANALYZER_NONNULL = YES;
				CLANG_ANALYZER_NUMBER_OBJECT_CONVERSION = YES_AGGRESSIVE;
				CLANG_CXX_LANGUAGE_STANDARD = "gnu++14";
				CLANG_CXX_LIBRARY = "libc++";
				CLANG_ENABLE_MODULES = YES;
				CLANG_ENABLE_OBJC_ARC = YES;
				CLANG_ENABLE_OBJC_WEAK = YES;
				CLANG_WARN_BLOCK_CAPTURE_AUTORELEASING = YES;
				CLANG_WARN_BOOL_CONVERSION = YES;
				CLANG_WARN_COMMA = YES;
				CLANG_WARN_CONSTANT_CONVERSION = YES;
				CLANG_WARN_DEPRECATED_OBJC_IMPLEMENTATIONS = YES;
				CLANG_WARN_DIRECT_OBJC_ISA_USAGE = YES_ERROR;
				CLANG_WARN_DOCUMENTATION_COMMENTS = YES;
				CLANG_WARN_EMPTY_BODY = YES;
				CLANG_WARN_ENUM_CONVERSION = YES;
				CLANG_WARN_INFINITE_RECURSION = YES;
				CLANG_WARN_INT_CONVERSION = YES;
				CLANG_WARN_NON_LITERAL_NULL_CONVERSION = YES;
				CLANG_WARN_OBJC_IMPLICIT_RETAIN_SELF = YES;
				CLANG_WARN_OBJC_LITERAL_CONVERSION = YES;
				CLANG_WARN_OBJC_ROOT_CLASS = YES_ERROR;
				CLANG_WARN_QUOTED_INCLUDE_IN_FRAMEWORK_HEADER = YES;
				CLANG_WARN_RANGE_LOOP_ANALYSIS = YES;
				CLANG_WARN_STRICT_PROTOTYPES = YES;
				CLANG_WARN_SUSPICIOUS_MOVE = YES;
				CLANG_WARN_UNGUARDED_AVAILABILITY = YES_AGGRESSIVE;
				CLANG_WARN_UNREACHABLE_CODE = YES;
				CLANG_WARN__DUPLICATE_METHOD_MATCH = YES;
				COPY_PHASE_STRIP = NO;
				CURRENT_PROJECT_VERSION = 1;
				DEBUG_INFORMATION_FORMAT = "dwarf-with-dsym";
				ENABLE_NS_ASSERTIONS = NO;
				ENABLE_STRICT_OBJC_MSGSEND = YES;
				GCC_C_LANGUAGE_STANDARD = gnu11;
				GCC_NO_COMMON_BLOCKS = YES;
				GCC_WARN_64_TO_32_BIT_CONVERSION = YES;
				GCC_WARN_ABOUT_RETURN_TYPE = YES_ERROR;
				GCC_WARN_UNDECLARED_SELECTOR = YES;
				GCC_WARN_UNINITIALIZED_AUTOS = YES_AGGRESSIVE;
				GCC_WARN_UNUSED_FUNCTION = YES;
				GCC_WARN_UNUSED_VARIABLE = YES;
				MARKETING_VERSION = 1.0.0;
				MTL_ENABLE_DEBUG_INFO = NO;
				MTL_FAST_MATH = YES;
				PRODUCT_NAME = "$(TARGET_NAME)";
				SPARKLE_FEED_URL = "https://ludovicstvys.github.io/NotionDashboardSwift/appcast.xml";
				SPARKLE_PUBLIC_ED_KEY = "";
				SWIFT_COMPILATION_MODE = wholemodule;
				SWIFT_OPTIMIZATION_LEVEL = "-O";
				SWIFT_VERSION = 5.1;
				UPDATE_CHANNEL = dev;
			};
			name = Release;
		};
		FD56548444DBBC73C2B3BEFB /* Debug */ = {
			isa = XCBuildConfiguration;
			buildSettings = {
				CODE_SIGN_ENTITLEMENTS = Config/NotionDashboardWidgets.entitlements;
				INFOPLIST_FILE = "Config/NotionDashboardWidgets-Info.plist";
				INFOPLIST_KEY_UIApplicationSupportsIndirectInputEvents = YES;
				IPHONEOS_DEPLOYMENT_TARGET = 16.0;
				LD_RUNPATH_SEARCH_PATHS = (
					"$(inherited)",
					"@executable_path/Frameworks",
					"@executable_path/../../Frameworks",
				);
				PRODUCT_BUNDLE_IDENTIFIER = com.loldashboard.notiondashboard.ios.widgets;
				PRODUCT_NAME = NotionDashboardWidgets;
				SDKROOT = iphoneos;
				TARGETED_DEVICE_FAMILY = "1,2";
			};
			name = Debug;
		};
/* End XCBuildConfiguration section */

/* Begin XCConfigurationList section */
		4AFC19B2F05D87CF21AEBDB9 /* Build configuration list for PBXNativeTarget "NotionDashboard-iOS" */ = {
			isa = XCConfigurationList;
			buildConfigurations = (
				E5FE7D624FF7DA14886E0400 /* Debug */,
				0EE9BC9A498FA04E30326ABE /* Release */,
			);
			defaultConfigurationIsVisible = 0;
			defaultConfigurationName = Debug;
		};
		4D5E1D15519C0617E5A1D262 /* Build configuration list for PBXNativeTarget "NotionDashboardWidgets-macOS" */ = {
			isa = XCConfigurationList;
			buildConfigurations = (
				BE0F613E26290DD1291667F3 /* Debug */,
				6000D7008472E391DF5C0E58 /* Release */,
			);
			defaultConfigurationIsVisible = 0;
			defaultConfigurationName = Debug;
		};
		5DBF3E90553E285848C516C3 /* Build configuration list for PBXNativeTarget "NotionDashboardTests" */ = {
			isa = XCConfigurationList;
			buildConfigurations = (
				1145D43A3FF4BA47B6E4F93B /* Debug */,
				C476CE6D1AA4E4D08272F6FC /* Release */,
			);
			defaultConfigurationIsVisible = 0;
			defaultConfigurationName = Debug;
		};
		6051A1559386284C46FBF1C4 /* Build configuration list for PBXNativeTarget "NotionDashboard-macOS" */ = {
			isa = XCConfigurationList;
			buildConfigurations = (
				81623716A6821CE71C4ADD0A /* Debug */,
				F2FE828E906325232C00E4EA /* Release */,
			);
			defaultConfigurationIsVisible = 0;
			defaultConfigurationName = Debug;
		};
		C8FA8A4F88F0D6B2D9EB53CB /* Build configuration list for PBXProject "NotionDashboardSwift" */ = {
			isa = XCConfigurationList;
			buildConfigurations = (
				6DA671ADED974E55BF1CAF31 /* Debug */,
				F6E63063284E58DA18651426 /* Release */,
			);
			defaultConfigurationIsVisible = 0;
			defaultConfigurationName = Debug;
		};
		CCC126A154BFCF00809E796C /* Build configuration list for PBXNativeTarget "NotionDashboardWidgets-iOS" */ = {
			isa = XCConfigurationList;
			buildConfigurations = (
				FD56548444DBBC73C2B3BEFB /* Debug */,
				EAEE3FE6E4A05308E0A4E618 /* Release */,
			);
			defaultConfigurationIsVisible = 0;
			defaultConfigurationName = Debug;
		};
/* End XCConfigurationList section */

/* Begin XCRemoteSwiftPackageReference section */
		18FA0CFC52952D2A8065B91F /* XCRemoteSwiftPackageReference "Sparkle" */ = {
			isa = XCRemoteSwiftPackageReference;
			repositoryURL = "https://github.com/sparkle-project/Sparkle";
			requirement = {
				kind = upToNextMajorVersion;
				minimumVersion = 2.9.1;
			};
		};
		EECE695116B23DBF1B31FE58 /* XCRemoteSwiftPackageReference "GRDB.swift" */ = {
			isa = XCRemoteSwiftPackageReference;
			repositoryURL = "https://github.com/groue/GRDB.swift";
			requirement = {
				kind = upToNextMajorVersion;
				minimumVersion = 7.5.0;
			};
		};
/* End XCRemoteSwiftPackageReference section */

/* Begin XCSwiftPackageProductDependency section */
		90755EA9AF97FA4BAF5E8AF8 /* GRDB */ = {
			isa = XCSwiftPackageProductDependency;
			package = EECE695116B23DBF1B31FE58 /* XCRemoteSwiftPackageReference "GRDB.swift" */;
			productName = GRDB;
		};
		B96624D65A2FBDA03E1189D0 /* Sparkle */ = {
			isa = XCSwiftPackageProductDependency;
			package = 18FA0CFC52952D2A8065B91F /* XCRemoteSwiftPackageReference "Sparkle" */;
			productName = Sparkle;
		};
		C72FA7C8272AB3E1D86869CB /* GRDB */ = {
			isa = XCSwiftPackageProductDependency;
			package = EECE695116B23DBF1B31FE58 /* XCRemoteSwiftPackageReference "GRDB.swift" */;
			productName = GRDB;
		};
		FAA1A80AB7156D464F82A270 /* GRDB */ = {
			isa = XCSwiftPackageProductDependency;
			package = EECE695116B23DBF1B31FE58 /* XCRemoteSwiftPackageReference "GRDB.swift" */;
			productName = GRDB;
		};
/* End XCSwiftPackageProductDependency section */
	};
	rootObject = A01B0E33731B7D7F738476EB /* Project object */;
}
